
Microsoft Visual Studio Solution File, Format Version 12.00
# Visual Studio 15
VisualStudioVersion = 15.0.27428.2043
MinimumVisualStudioVersion = 10.0.40219.1
Project("{9A19103F-16F7-4668-BE54-9A1E7A4F7556}") = "LucidCode", "LucidCode\LucidCode.csproj", "{53207D2C-D6F6-4894-BE48-0FF4AFDFCC4A}"
EndProject
Project("{9A19103F-16F7-4668-BE54-9A1E7A4F7556}") = "LucidCode.Test", "LucidCode.Test\LucidCode.Test.csproj", "{E2A6A562-120E-4B78-A956-1E34CD3B6E6B}"
EndProject
Project("{FAE04EC0-301F-11D3-BF4B-00C04F79EFBC}") = "Examples", "Examples\Examples.csproj", "{45A18888-70FA-45F2-ABCE-AA2EA54B04D0}"
EndProject
Global
	GlobalSection(SolutionConfigurationPlatforms) = preSolution
		Debug|Any CPU = Debug|Any CPU
		Release|Any CPU = Release|Any CPU
	EndGlobalSection
	GlobalSection(ProjectConfigurationPlatforms) = postSolution
		{53207D2C-D6F6-4894-BE48-0FF4AFDFCC4A}.Debug|Any CPU.ActiveCfg = Debug|Any CPU
		{53207D2C-D6F6-4894-BE48-0FF4AFDFCC4A}.Debug|Any CPU.Build.0 = Debug|Any CPU
		{53207D2C-D6F6-4894-BE48-0FF4AFDFCC4A}.Release|Any CPU.ActiveCfg = Release|Any CPU
		{53207D2C-D6F6-4894-BE48-0FF4AFDFCC4A}.Release|Any CPU.Build.0 = Release|Any CPU
		{E2A6A562-120E-4B78-A956-1E34CD3B6E6B}.Debug|Any CPU.ActiveCfg = Debug|Any CPU
		{E2A6A562-120E-4B78-A956-1E34CD3B6E6B}.Debug|Any CPU.Build.0 = Debug|Any CPU
		{E2A6A562-120E-4B78-A956-1E34CD3B6E6B}.Release|Any CPU.ActiveCfg = Release|Any CPU
		{E2A6A562-120E-4B78-A956-1E34CD3B6E6B}.Release|Any CPU.Build.0 = Release|Any CPU
		{45A18888-70FA-45F2-ABCE-AA2EA54B04D0}.Debug|Any CPU.ActiveCfg = Debug|Any CPU
		{45A18888-70FA-45F2-ABCE-AA2EA54B04D0}.Debug|Any CPU.Build.0 = Debug|Any CPU
		{45A18888-70FA-45F2-ABCE-AA2EA54B04D0}.Release|Any CPU.ActiveCfg = Release|Any CPU
		{45A18888-70FA-45F2-ABCE-AA2EA54B04D0}.Release|Any CPU.Build.0 = Release|Any CPU
	EndGlobalSection
	GlobalSection(SolutionProperties) = preSolution
		HideSolutionNode = FALSE
	EndGlobalSection
	GlobalSection(ExtensibilityGlobals) = postSolution
		SolutionGuid = {FA401782-0874-4ED6-8FC2-DBA896A514E4}
	EndGlobalSection
EndGlobal
